
Microsoft Visual Studio Solution File, Format Version 12.00
# Visual Studio Version 17
VisualStudioVersion = 17.0.32112.339
MinimumVisualStudioVersion = 10.0.40219.1
Project("{FAE04EC0-301F-11D3-BF4B-00C04F79EFBC}") = "GitLabApp", "GitLabApp\GitLabApp.csproj", "{4FDE93F3-D316-4A90-98C6-6DFC0E34DE33}"
EndProject
Global
	GlobalSection(SolutionConfigurationPlatforms) = preSolution
		Debug|Any CPU = Debug|Any CPU
		Release|Any CPU = Release|Any CPU
	EndGlobalSection
	GlobalSection(ProjectConfigurationPlatforms) = postSolution
		{4FDE93F3-D316-4A90-98C6-6DFC0E34DE33}.Debug|Any CPU.ActiveCfg = Debug|Any CPU
		{4FDE93F3-D316-4A90-98C6-6DFC0E34DE33}.Debug|Any CPU.Build.0 = Debug|Any CPU
		{4FDE93F3-D316-4A90-98C6-6DFC0E34DE33}.Release|Any CPU.ActiveCfg = Release|Any CPU
		{4FDE93F3-D316-4A90-98C6-6DFC0E34DE33}.Release|Any CPU.Build.0 = Release|Any CPU
	EndGlobalSection
	GlobalSection(SolutionProperties) = preSolution
		HideSolutionNode = FALSE
	EndGlobalSection
	GlobalSection(ExtensibilityGlobals) = postSolution
		SolutionGuid = {9C358F35-D0D0-4BFA-8573-1398A2923A3F}
	EndGlobalSection
EndGlobal
